
Microsoft Visual Studio Solution File, Format Version 12.00
# Visual Studio Version 17
VisualStudioVersion = 17.5.33627.172
MinimumVisualStudioVersion = 10.0.40219.1
Project("{FAE04EC0-301F-11D3-BF4B-00C04F79EFBC}") = "TestApiProject", "TestApiProject\TestApiProject.csproj", "{B0F2B2D1-8367-4DCB-819A-DA49384F8E7D}"
EndProject
Global
	GlobalSection(SolutionConfigurationPlatforms) = preSolution
		Debug|Any CPU = Debug|Any CPU
		Release|Any CPU = Release|Any CPU
	EndGlobalSection
	GlobalSection(ProjectConfigurationPlatforms) = postSolution
		{B0F2B2D1-8367-4DCB-819A-DA49384F8E7D}.Debug|Any CPU.ActiveCfg = Debug|Any CPU
		{B0F2B2D1-8367-4DCB-819A-DA49384F8E7D}.Debug|Any CPU.Build.0 = Debug|Any CPU
		{B0F2B2D1-8367-4DCB-819A-DA49384F8E7D}.Release|Any CPU.ActiveCfg = Release|Any CPU
		{B0F2B2D1-8367-4DCB-819A-DA49384F8E7D}.Release|Any CPU.Build.0 = Release|Any CPU
	EndGlobalSection
	GlobalSection(SolutionProperties) = preSolution
		HideSolutionNode = FALSE
	EndGlobalSection
	GlobalSection(ExtensibilityGlobals) = postSolution
		SolutionGuid = {36BAF424-8D61-4BD0-A90C-8939189D328E}
	EndGlobalSection
EndGlobal
